
Microsoft Visual Studio Solution File, Format Version 12.00
# Visual Studio 2013
VisualStudioVersion = 12.0.21005.1
MinimumVisualStudioVersion = 10.0.40219.1
Project("{FAE04EC0-301F-11D3-BF4B-00C04F79EFBC}") = "01. SayHello", "SayHello\01. SayHello.csproj", "{F0024963-3F82-4782-98E3-DA7693F39724}"
EndProject
Project("{FAE04EC0-301F-11D3-BF4B-00C04F79EFBC}") = "02. LargestNumber", "LargestNumber\02. LargestNumber.csproj", "{3A7DF711-7A85-4846-A62A-5161F583E94F}"
EndProject
Project("{FAE04EC0-301F-11D3-BF4B-00C04F79EFBC}") = "03. EnglishDigit", "EnglishDigit\03. EnglishDigit.csproj", "{EC2CD3EB-AC44-48F4-84F8-3338F4EA972C}"
EndProject
Project("{FAE04EC0-301F-11D3-BF4B-00C04F79EFBC}") = "04. AppearanceCount", "AppearanceCount\04. AppearanceCount.csproj", "{2852D167-337F-4485-A218-66A376B366C3}"
EndProject
Project("{FAE04EC0-301F-11D3-BF4B-00C04F79EFBC}") = "05. LargerThanNeighbours", "LargerThanNeighbours\05. LargerThanNeighbours.csproj", "{03115BF8-9570-4A8E-93EA-6E5C0870CA85}"
EndProject
Project("{FAE04EC0-301F-11D3-BF4B-00C04F79EFBC}") = "06. FirstLargerThanNeighbours", "FirstLargerThanNeighbours\06. FirstLargerThanNeighbours.csproj", "{1963CABC-969A-42F3-8550-3009337A36B8}"
EndProject
Project("{FAE04EC0-301F-11D3-BF4B-00C04F79EFBC}") = "07. ReverseNumber", "ReverseNumber\07. ReverseNumber.csproj", "{0780F747-47A1-401C-B78B-7F5148D3B12D}"
EndProject
Project("{FAE04EC0-301F-11D3-BF4B-00C04F79EFBC}") = "08. NumberAsArray", "NumberAsArray\08. NumberAsArray.csproj", "{CAE13599-D822-4239-8ED5-D9839206D77D}"
EndProject
Project("{FAE04EC0-301F-11D3-BF4B-00C04F79EFBC}") = "09. SortingArray", "SortingArray\09. SortingArray.csproj", "{FA1BDAE2-CD54-41F6-ABE1-54B75E497209}"
EndProject
Project("{FAE04EC0-301F-11D3-BF4B-00C04F79EFBC}") = "10. NFactorial", "NFactorial\10. NFactorial.csproj", "{84C7387D-75DC-49DE-8FB3-2C957008361A}"
EndProject
Project("{FAE04EC0-301F-11D3-BF4B-00C04F79EFBC}") = "11. AddingPolynomials", "AddingPolynomials\11. AddingPolynomials.csproj", "{C21AD4F9-0A1B-44DA-AA5F-B156F086FE03}"
EndProject
Project("{FAE04EC0-301F-11D3-BF4B-00C04F79EFBC}") = "12. SubstractingPolynomials", "SubstractingPolynomials\12. SubstractingPolynomials.csproj", "{5ED3E696-954C-49EB-BBA4-46791C1B7A68}"
EndProject
Project("{FAE04EC0-301F-11D3-BF4B-00C04F79EFBC}") = "13. SolveTasks", "SolveTasks\13. SolveTasks.csproj", "{CCCF2395-50A7-4B8C-8EFA-E8D245605BB4}"
EndProject
Project("{FAE04EC0-301F-11D3-BF4B-00C04F79EFBC}") = "14. IntegerCalculations", "IntegerCalculations\14. IntegerCalculations.csproj", "{266DBD41-2FDB-449B-B67D-F60B33A1E704}"
EndProject
Global
	GlobalSection(SolutionConfigurationPlatforms) = preSolution
		Debug|Any CPU = Debug|Any CPU
		Release|Any CPU = Release|Any CPU
	EndGlobalSection
	GlobalSection(ProjectConfigurationPlatforms) = postSolution
		{F0024963-3F82-4782-98E3-DA7693F39724}.Debug|Any CPU.ActiveCfg = Debug|Any CPU
		{F0024963-3F82-4782-98E3-DA7693F39724}.Debug|Any CPU.Build.0 = Debug|Any CPU
		{F0024963-3F82-4782-98E3-DA7693F39724}.Release|Any CPU.ActiveCfg = Release|Any CPU
		{F0024963-3F82-4782-98E3-DA7693F39724}.Release|Any CPU.Build.0 = Release|Any CPU
		{3A7DF711-7A85-4846-A62A-5161F583E94F}.Debug|Any CPU.ActiveCfg = Debug|Any CPU
		{3A7DF711-7A85-4846-A62A-5161F583E94F}.Debug|Any CPU.Build.0 = Debug|Any CPU
		{3A7DF711-7A85-4846-A62A-5161F583E94F}.Release|Any CPU.ActiveCfg = Release|Any CPU
		{3A7DF711-7A85-4846-A62A-5161F583E94F}.Release|Any CPU.Build.0 = Release|Any CPU
		{EC2CD3EB-AC44-48F4-84F8-3338F4EA972C}.Debug|Any CPU.ActiveCfg = Debug|Any CPU
		{EC2CD3EB-AC44-48F4-84F8-3338F4EA972C}.Debug|Any CPU.Build.0 = Debug|Any CPU
		{EC2CD3EB-AC44-48F4-84F8-3338F4EA972C}.Release|Any CPU.ActiveCfg = Release|Any CPU
		{EC2CD3EB-AC44-48F4-84F8-3338F4EA972C}.Release|Any CPU.Build.0 = Release|Any CPU
		{2852D167-337F-4485-A218-66A376B366C3}.Debug|Any CPU.ActiveCfg = Debug|Any CPU
		{2852D167-337F-4485-A218-66A376B366C3}.Debug|Any CPU.Build.0 = Debug|Any CPU
		{2852D167-337F-4485-A218-66A376B366C3}.Release|Any CPU.ActiveCfg = Release|Any CPU
		{2852D167-337F-4485-A218-66A376B366C3}.Release|Any CPU.Build.0 = Release|Any CPU
		{03115BF8-9570-4A8E-93EA-6E5C0870CA85}.Debug|Any CPU.ActiveCfg = Debug|Any CPU
		{03115BF8-9570-4A8E-93EA-6E5C0870CA85}.Debug|Any CPU.Build.0 = Debug|Any CPU
		{03115BF8-9570-4A8E-93EA-6E5C0870CA85}.Release|Any CPU.ActiveCfg = Release|Any CPU
		{03115BF8-9570-4A8E-93EA-6E5C0870CA85}.Release|Any CPU.Build.0 = Release|Any CPU
		{1963CABC-969A-42F3-8550-3009337A36B8}.Debug|Any CPU.ActiveCfg = Debug|Any CPU
		{1963CABC-969A-42F3-8550-3009337A36B8}.Debug|Any CPU.Build.0 = Debug|Any CPU
		{1963CABC-969A-42F3-8550-3009337A36B8}.Release|Any CPU.ActiveCfg = Release|Any CPU
		{1963CABC-969A-42F3-8550-3009337A36B8}.Release|Any CPU.Build.0 = Release|Any CPU
		{0780F747-47A1-401C-B78B-7F5148D3B12D}.Debug|Any CPU.ActiveCfg = Debug|Any CPU
		{0780F747-47A1-401C-B78B-7F5148D3B12D}.Debug|Any CPU.Build.0 = Debug|Any CPU
		{0780F747-47A1-401C-B78B-7F5148D3B12D}.Release|Any CPU.ActiveCfg = Release|Any CPU
		{0780F747-47A1-401C-B78B-7F5148D3B12D}.Release|Any CPU.Build.0 = Release|Any CPU
		{CAE13599-D822-4239-8ED5-D9839206D77D}.Debug|Any CPU.ActiveCfg = Debug|Any CPU
		{CAE13599-D822-4239-8ED5-D9839206D77D}.Debug|Any CPU.Build.0 = Debug|Any CPU
		{CAE13599-D822-4239-8ED5-D9839206D77D}.Release|Any CPU.ActiveCfg = Release|Any CPU
		{CAE13599-D822-4239-8ED5-D9839206D77D}.Release|Any CPU.Build.0 = Release|Any CPU
		{FA1BDAE2-CD54-41F6-ABE1-54B75E497209}.Debug|Any CPU.ActiveCfg = Debug|Any CPU
		{FA1BDAE2-CD54-41F6-ABE1-54B75E497209}.Debug|Any CPU.Build.0 = Debug|Any CPU
		{FA1BDAE2-CD54-41F6-ABE1-54B75E497209}.Release|Any CPU.ActiveCfg = Release|Any CPU
		{FA1BDAE2-CD54-41F6-ABE1-54B75E497209}.Release|Any CPU.Build.0 = Release|Any CPU
		{84C7387D-75DC-49DE-8FB3-2C957008361A}.Debug|Any CPU.ActiveCfg = Debug|Any CPU
		{84C7387D-75DC-49DE-8FB3-2C957008361A}.Debug|Any CPU.Build.0 = Debug|Any CPU
		{84C7387D-75DC-49DE-8FB3-2C957008361A}.Release|Any CPU.ActiveCfg = Release|Any CPU
		{84C7387D-75DC-49DE-8FB3-2C957008361A}.Release|Any CPU.Build.0 = Release|Any CPU
		{C21AD4F9-0A1B-44DA-AA5F-B156F086FE03}.Debug|Any CPU.ActiveCfg = Debug|Any CPU
		{C21AD4F9-0A1B-44DA-AA5F-B156F086FE03}.Debug|Any CPU.Build.0 = Debug|Any CPU
		{C21AD4F9-0A1B-44DA-AA5F-B156F086FE03}.Release|Any CPU.ActiveCfg = Release|Any CPU
		{C21AD4F9-0A1B-44DA-AA5F-B156F086FE03}.Release|Any CPU.Build.0 = Release|Any CPU
		{5ED3E696-954C-49EB-BBA4-46791C1B7A68}.Debug|Any CPU.ActiveCfg = Debug|Any CPU
		{5ED3E696-954C-49EB-BBA4-46791C1B7A68}.Debug|Any CPU.Build.0 = Debug|Any CPU
		{5ED3E696-954C-49EB-BBA4-46791C1B7A68}.Release|Any CPU.ActiveCfg = Release|Any CPU
		{5ED3E696-954C-49EB-BBA4-46791C1B7A68}.Release|Any CPU.Build.0 = Release|Any CPU
		{CCCF2395-50A7-4B8C-8EFA-E8D245605BB4}.Debug|Any CPU.ActiveCfg = Debug|Any CPU
		{CCCF2395-50A7-4B8C-8EFA-E8D245605BB4}.Debug|Any CPU.Build.0 = Debug|Any CPU
		{CCCF2395-50A7-4B8C-8EFA-E8D245605BB4}.Release|Any CPU.ActiveCfg = Release|Any CPU
		{CCCF2395-50A7-4B8C-8EFA-E8D245605BB4}.Release|Any CPU.Build.0 = Release|Any CPU
		{266DBD41-2FDB-449B-B67D-F60B33A1E704}.Debug|Any CPU.ActiveCfg = Debug|Any CPU
		{266DBD41-2FDB-449B-B67D-F60B33A1E704}.Debug|Any CPU.Build.0 = Debug|Any CPU
		{266DBD41-2FDB-449B-B67D-F60B33A1E704}.Release|Any CPU.ActiveCfg = Release|Any CPU
		{266DBD41-2FDB-449B-B67D-F60B33A1E704}.Release|Any CPU.Build.0 = Release|Any CPU
	EndGlobalSection
	GlobalSection(SolutionProperties) = preSolution
		HideSolutionNode = FALSE
	EndGlobalSection
EndGlobal
