
Microsoft Visual Studio Solution File, Format Version 12.00
# Visual Studio 2013
VisualStudioVersion = 12.0.21005.1
MinimumVisualStudioVersion = 10.0.40219.1
Project("{FAE04EC0-301F-11D3-BF4B-00C04F79EFBC}") = "01. OddLines", "OddLines\01. OddLines.csproj", "{61D93BE5-48F0-4D1D-AC65-BFEAE2C01CA4}"
EndProject
Project("{FAE04EC0-301F-11D3-BF4B-00C04F79EFBC}") = "02. TextFilesConcatenation", "TextFilesConcatenation\02. TextFilesConcatenation.csproj", "{13A1D25F-CD41-4051-8EC2-A7F0E3DC363B}"
EndProject
Project("{FAE04EC0-301F-11D3-BF4B-00C04F79EFBC}") = "03. LineNumbers", "LineNumbers\03. LineNumbers.csproj", "{4E1DD284-8109-4409-8905-3FC842B8810A}"
EndProject
Project("{FAE04EC0-301F-11D3-BF4B-00C04F79EFBC}") = "04. TextFilesComparison", "TextFilesComparison\04. TextFilesComparison.csproj", "{5C4479A4-73B5-47F4-B946-0A0683196288}"
EndProject
Project("{FAE04EC0-301F-11D3-BF4B-00C04F79EFBC}") = "05. MaximalAreaSum", "MaximalAreaSum\05. MaximalAreaSum.csproj", "{668BAF59-4CE8-4D42-A249-39C59C2CC340}"
EndProject
Global
	GlobalSection(SolutionConfigurationPlatforms) = preSolution
		Debug|Any CPU = Debug|Any CPU
		Release|Any CPU = Release|Any CPU
	EndGlobalSection
	GlobalSection(ProjectConfigurationPlatforms) = postSolution
		{61D93BE5-48F0-4D1D-AC65-BFEAE2C01CA4}.Debug|Any CPU.ActiveCfg = Debug|Any CPU
		{61D93BE5-48F0-4D1D-AC65-BFEAE2C01CA4}.Debug|Any CPU.Build.0 = Debug|Any CPU
		{61D93BE5-48F0-4D1D-AC65-BFEAE2C01CA4}.Release|Any CPU.ActiveCfg = Release|Any CPU
		{61D93BE5-48F0-4D1D-AC65-BFEAE2C01CA4}.Release|Any CPU.Build.0 = Release|Any CPU
		{13A1D25F-CD41-4051-8EC2-A7F0E3DC363B}.Debug|Any CPU.ActiveCfg = Debug|Any CPU
		{13A1D25F-CD41-4051-8EC2-A7F0E3DC363B}.Debug|Any CPU.Build.0 = Debug|Any CPU
		{13A1D25F-CD41-4051-8EC2-A7F0E3DC363B}.Release|Any CPU.ActiveCfg = Release|Any CPU
		{13A1D25F-CD41-4051-8EC2-A7F0E3DC363B}.Release|Any CPU.Build.0 = Release|Any CPU
		{4E1DD284-8109-4409-8905-3FC842B8810A}.Debug|Any CPU.ActiveCfg = Debug|Any CPU
		{4E1DD284-8109-4409-8905-3FC842B8810A}.Debug|Any CPU.Build.0 = Debug|Any CPU
		{4E1DD284-8109-4409-8905-3FC842B8810A}.Release|Any CPU.ActiveCfg = Release|Any CPU
		{4E1DD284-8109-4409-8905-3FC842B8810A}.Release|Any CPU.Build.0 = Release|Any CPU
		{5C4479A4-73B5-47F4-B946-0A0683196288}.Debug|Any CPU.ActiveCfg = Debug|Any CPU
		{5C4479A4-73B5-47F4-B946-0A0683196288}.Debug|Any CPU.Build.0 = Debug|Any CPU
		{5C4479A4-73B5-47F4-B946-0A0683196288}.Release|Any CPU.ActiveCfg = Release|Any CPU
		{5C4479A4-73B5-47F4-B946-0A0683196288}.Release|Any CPU.Build.0 = Release|Any CPU
		{668BAF59-4CE8-4D42-A249-39C59C2CC340}.Debug|Any CPU.ActiveCfg = Debug|Any CPU
		{668BAF59-4CE8-4D42-A249-39C59C2CC340}.Debug|Any CPU.Build.0 = Debug|Any CPU
		{668BAF59-4CE8-4D42-A249-39C59C2CC340}.Release|Any CPU.ActiveCfg = Release|Any CPU
		{668BAF59-4CE8-4D42-A249-39C59C2CC340}.Release|Any CPU.Build.0 = Release|Any CPU
	EndGlobalSection
	GlobalSection(SolutionProperties) = preSolution
		HideSolutionNode = FALSE
	EndGlobalSection
EndGlobal
