
Microsoft Visual Studio Solution File, Format Version 12.00
# Visual Studio 2013
VisualStudioVersion = 12.0.21005.1
MinimumVisualStudioVersion = 10.0.40219.1
Project("{FAE04EC0-301F-11D3-BF4B-00C04F79EFBC}") = "01. AllocateArray", "AllocateArray\01. AllocateArray.csproj", "{EC463CBF-C4B4-4AF7-B013-FAB59FCB039E}"
EndProject
Project("{FAE04EC0-301F-11D3-BF4B-00C04F79EFBC}") = "02. CompareArrays", "CompareArrays\02. CompareArrays.csproj", "{3053A2AA-7C8A-4049-9F14-FFD8BDBADC32}"
EndProject
Project("{FAE04EC0-301F-11D3-BF4B-00C04F79EFBC}") = "03. CompareCharArrays", "CompareCharArrays\03. CompareCharArrays.csproj", "{1D0E4CE4-836E-44F3-9349-7AEFA22B83F5}"
EndProject
Project("{FAE04EC0-301F-11D3-BF4B-00C04F79EFBC}") = "04. MaximalSequence", "MaximalSequence\04. MaximalSequence.csproj", "{225B9437-BF14-46E6-9C01-7A917ECB00EF}"
EndProject
Project("{FAE04EC0-301F-11D3-BF4B-00C04F79EFBC}") = "05. MaxIncreasingSequence", "MaxIncreasingSequence\05. MaxIncreasingSequence.csproj", "{3A7FB3F3-6012-40F9-96FD-01680B736F9E}"
EndProject
Project("{FAE04EC0-301F-11D3-BF4B-00C04F79EFBC}") = "06. MaxKSum", "MaxKSum\06. MaxKSum.csproj", "{4CFC6FA2-1F8F-4881-B389-7E0D8A548CEF}"
EndProject
Global
	GlobalSection(SolutionConfigurationPlatforms) = preSolution
		Debug|Any CPU = Debug|Any CPU
		Release|Any CPU = Release|Any CPU
	EndGlobalSection
	GlobalSection(ProjectConfigurationPlatforms) = postSolution
		{EC463CBF-C4B4-4AF7-B013-FAB59FCB039E}.Debug|Any CPU.ActiveCfg = Debug|Any CPU
		{EC463CBF-C4B4-4AF7-B013-FAB59FCB039E}.Debug|Any CPU.Build.0 = Debug|Any CPU
		{EC463CBF-C4B4-4AF7-B013-FAB59FCB039E}.Release|Any CPU.ActiveCfg = Release|Any CPU
		{EC463CBF-C4B4-4AF7-B013-FAB59FCB039E}.Release|Any CPU.Build.0 = Release|Any CPU
		{3053A2AA-7C8A-4049-9F14-FFD8BDBADC32}.Debug|Any CPU.ActiveCfg = Debug|Any CPU
		{3053A2AA-7C8A-4049-9F14-FFD8BDBADC32}.Debug|Any CPU.Build.0 = Debug|Any CPU
		{3053A2AA-7C8A-4049-9F14-FFD8BDBADC32}.Release|Any CPU.ActiveCfg = Release|Any CPU
		{3053A2AA-7C8A-4049-9F14-FFD8BDBADC32}.Release|Any CPU.Build.0 = Release|Any CPU
		{1D0E4CE4-836E-44F3-9349-7AEFA22B83F5}.Debug|Any CPU.ActiveCfg = Debug|Any CPU
		{1D0E4CE4-836E-44F3-9349-7AEFA22B83F5}.Debug|Any CPU.Build.0 = Debug|Any CPU
		{1D0E4CE4-836E-44F3-9349-7AEFA22B83F5}.Release|Any CPU.ActiveCfg = Release|Any CPU
		{1D0E4CE4-836E-44F3-9349-7AEFA22B83F5}.Release|Any CPU.Build.0 = Release|Any CPU
		{225B9437-BF14-46E6-9C01-7A917ECB00EF}.Debug|Any CPU.ActiveCfg = Debug|Any CPU
		{225B9437-BF14-46E6-9C01-7A917ECB00EF}.Debug|Any CPU.Build.0 = Debug|Any CPU
		{225B9437-BF14-46E6-9C01-7A917ECB00EF}.Release|Any CPU.ActiveCfg = Release|Any CPU
		{225B9437-BF14-46E6-9C01-7A917ECB00EF}.Release|Any CPU.Build.0 = Release|Any CPU
		{3A7FB3F3-6012-40F9-96FD-01680B736F9E}.Debug|Any CPU.ActiveCfg = Debug|Any CPU
		{3A7FB3F3-6012-40F9-96FD-01680B736F9E}.Debug|Any CPU.Build.0 = Debug|Any CPU
		{3A7FB3F3-6012-40F9-96FD-01680B736F9E}.Release|Any CPU.ActiveCfg = Release|Any CPU
		{3A7FB3F3-6012-40F9-96FD-01680B736F9E}.Release|Any CPU.Build.0 = Release|Any CPU
		{4CFC6FA2-1F8F-4881-B389-7E0D8A548CEF}.Debug|Any CPU.ActiveCfg = Debug|Any CPU
		{4CFC6FA2-1F8F-4881-B389-7E0D8A548CEF}.Debug|Any CPU.Build.0 = Debug|Any CPU
		{4CFC6FA2-1F8F-4881-B389-7E0D8A548CEF}.Release|Any CPU.ActiveCfg = Release|Any CPU
		{4CFC6FA2-1F8F-4881-B389-7E0D8A548CEF}.Release|Any CPU.Build.0 = Release|Any CPU
	EndGlobalSection
	GlobalSection(SolutionProperties) = preSolution
		HideSolutionNode = FALSE
	EndGlobalSection
EndGlobal
