
Microsoft Visual Studio Solution File, Format Version 12.00
# Visual Studio 2013
VisualStudioVersion = 12.0.21005.1
MinimumVisualStudioVersion = 10.0.40219.1
Project("{FAE04EC0-301F-11D3-BF4B-00C04F79EFBC}") = "01. AllocateArray", "AllocateArray\01. AllocateArray.csproj", "{EC463CBF-C4B4-4AF7-B013-FAB59FCB039E}"
EndProject
Project("{FAE04EC0-301F-11D3-BF4B-00C04F79EFBC}") = "02. CompareArrays", "CompareArrays\02. CompareArrays.csproj", "{3053A2AA-7C8A-4049-9F14-FFD8BDBADC32}"
EndProject
Global
	GlobalSection(SolutionConfigurationPlatforms) = preSolution
		Debug|Any CPU = Debug|Any CPU
		Release|Any CPU = Release|Any CPU
	EndGlobalSection
	GlobalSection(ProjectConfigurationPlatforms) = postSolution
		{EC463CBF-C4B4-4AF7-B013-FAB59FCB039E}.Debug|Any CPU.ActiveCfg = Debug|Any CPU
		{EC463CBF-C4B4-4AF7-B013-FAB59FCB039E}.Debug|Any CPU.Build.0 = Debug|Any CPU
		{EC463CBF-C4B4-4AF7-B013-FAB59FCB039E}.Release|Any CPU.ActiveCfg = Release|Any CPU
		{EC463CBF-C4B4-4AF7-B013-FAB59FCB039E}.Release|Any CPU.Build.0 = Release|Any CPU
		{3053A2AA-7C8A-4049-9F14-FFD8BDBADC32}.Debug|Any CPU.ActiveCfg = Debug|Any CPU
		{3053A2AA-7C8A-4049-9F14-FFD8BDBADC32}.Debug|Any CPU.Build.0 = Debug|Any CPU
		{3053A2AA-7C8A-4049-9F14-FFD8BDBADC32}.Release|Any CPU.ActiveCfg = Release|Any CPU
		{3053A2AA-7C8A-4049-9F14-FFD8BDBADC32}.Release|Any CPU.Build.0 = Release|Any CPU
	EndGlobalSection
	GlobalSection(SolutionProperties) = preSolution
		HideSolutionNode = FALSE
	EndGlobalSection
EndGlobal
