
Microsoft Visual Studio Solution File, Format Version 12.00
# Visual Studio 2013
VisualStudioVersion = 12.0.21005.1
MinimumVisualStudioVersion = 10.0.40219.1
Project("{2150E333-8FDC-42A3-9474-1A3956D46DE8}") = "01. StringsInCSharp", "01. StringsInCSharp", "{6A179647-3F1D-4E89-B1B2-58DDD647611A}"
	ProjectSection(SolutionItems) = preProject
		StringsInCSharp.txt = StringsInCSharp.txt
	EndProjectSection
EndProject
Project("{FAE04EC0-301F-11D3-BF4B-00C04F79EFBC}") = "02. ReverseString", "ReverseString\02. ReverseString.csproj", "{38F666C1-46FA-43D4-AD4D-5E16C2B23165}"
EndProject
Project("{FAE04EC0-301F-11D3-BF4B-00C04F79EFBC}") = "03. CorrectBrackets", "CorrectBrackets\03. CorrectBrackets.csproj", "{00BF6F8A-2448-4566-AC11-C0AC08362C4B}"
EndProject
Project("{FAE04EC0-301F-11D3-BF4B-00C04F79EFBC}") = "04. SubstringInText", "SubstringInText\04. SubstringInText.csproj", "{5F49D89F-C4CB-4036-BBEA-80974F65D4B8}"
EndProject
Project("{FAE04EC0-301F-11D3-BF4B-00C04F79EFBC}") = "05. ParseTags", "ParseTags\05. ParseTags.csproj", "{3E26E8B8-437B-4AE1-9B73-AF4BCBFFE8CD}"
EndProject
Project("{FAE04EC0-301F-11D3-BF4B-00C04F79EFBC}") = "06. StringLength", "StringLength\06. StringLength.csproj", "{77B9172D-5EA0-4962-AAA1-CFEE6AE10746}"
EndProject
Project("{FAE04EC0-301F-11D3-BF4B-00C04F79EFBC}") = "07. EncodeDecode", "EncodeDecode\07. EncodeDecode.csproj", "{555600B1-31F3-4B75-B1AC-C4DBCDB19250}"
EndProject
Project("{FAE04EC0-301F-11D3-BF4B-00C04F79EFBC}") = "08. ExtractSentences", "ExtractSentences\08. ExtractSentences.csproj", "{08790327-062B-4887-AB04-1B7D5B8F24C2}"
EndProject
Project("{FAE04EC0-301F-11D3-BF4B-00C04F79EFBC}") = "09. ForbiddenWords", "ForbiddenWords\09. ForbiddenWords.csproj", "{FDBDFF5C-3DAF-4446-A623-BFFFF22646E3}"
EndProject
Project("{FAE04EC0-301F-11D3-BF4B-00C04F79EFBC}") = "10. UnicodeCharacters", "UnicodeCharacters\10. UnicodeCharacters.csproj", "{56098A6C-58D0-4A14-B8CC-76CCDF674B62}"
EndProject
Project("{FAE04EC0-301F-11D3-BF4B-00C04F79EFBC}") = "11. FormatNumber", "FormatNumber\11. FormatNumber.csproj", "{1E116B64-14B3-4C9A-B3A4-DCC268C66D5D}"
EndProject
Project("{FAE04EC0-301F-11D3-BF4B-00C04F79EFBC}") = "12. ParseURL", "ParseURL\12. ParseURL.csproj", "{8FE12161-486F-4995-93BE-13E5E02B47B6}"
EndProject
Project("{FAE04EC0-301F-11D3-BF4B-00C04F79EFBC}") = "13. ReversedSentence", "ReverseSentence\13. ReversedSentence.csproj", "{D2CC4DD5-5276-47C7-8459-C1DAA42B3998}"
EndProject
Project("{FAE04EC0-301F-11D3-BF4B-00C04F79EFBC}") = "14. WordDictionary", "WordDictionary\14. WordDictionary.csproj", "{A484737F-A49D-4548-BDD9-A9ADBE850D39}"
EndProject
Project("{FAE04EC0-301F-11D3-BF4B-00C04F79EFBC}") = "15. ReplaceTags", "ReplaceTags\15. ReplaceTags.csproj", "{B5C38D02-534D-4F04-A6D4-EB6E1CFE44B7}"
EndProject
Project("{FAE04EC0-301F-11D3-BF4B-00C04F79EFBC}") = "16. DateDifference", "DateDifference\16. DateDifference.csproj", "{16262441-AACB-4C5D-83BB-F50E4545A4EF}"
EndProject
Project("{FAE04EC0-301F-11D3-BF4B-00C04F79EFBC}") = "17. DateInBulgarian", "DateInBulgarian\17. DateInBulgarian.csproj", "{82FED177-0230-4D1E-B6BA-457B517B27C1}"
EndProject
Project("{FAE04EC0-301F-11D3-BF4B-00C04F79EFBC}") = "18. ExtractЕmails", "ExtractЕmails\18. ExtractЕmails.csproj", "{A0F79D8D-07BD-4F7E-A951-9547EFFE33AB}"
EndProject
Project("{FAE04EC0-301F-11D3-BF4B-00C04F79EFBC}") = "19. DatesFromTextInCanada", "DatesFromTextInCanada\19. DatesFromTextInCanada.csproj", "{B4C9D210-E40C-49D3-811C-3132786859A6}"
EndProject
Project("{FAE04EC0-301F-11D3-BF4B-00C04F79EFBC}") = "20. Palindromes", "Palindromes\20. Palindromes.csproj", "{7B74F9A6-8534-4646-B306-43CDD5566A16}"
EndProject
Project("{FAE04EC0-301F-11D3-BF4B-00C04F79EFBC}") = "21. LettersCount", "LettersCount\21. LettersCount.csproj", "{1A4C2CAD-173A-4154-A86F-2A16FA1124E1}"
EndProject
Project("{FAE04EC0-301F-11D3-BF4B-00C04F79EFBC}") = "22. WordsCount", "WordsCount\22. WordsCount.csproj", "{4F931BB2-5F21-4B6D-ABBE-A761E5936D11}"
EndProject
Global
	GlobalSection(SolutionConfigurationPlatforms) = preSolution
		Debug|Any CPU = Debug|Any CPU
		Release|Any CPU = Release|Any CPU
	EndGlobalSection
	GlobalSection(ProjectConfigurationPlatforms) = postSolution
		{38F666C1-46FA-43D4-AD4D-5E16C2B23165}.Debug|Any CPU.ActiveCfg = Debug|Any CPU
		{38F666C1-46FA-43D4-AD4D-5E16C2B23165}.Debug|Any CPU.Build.0 = Debug|Any CPU
		{38F666C1-46FA-43D4-AD4D-5E16C2B23165}.Release|Any CPU.ActiveCfg = Release|Any CPU
		{38F666C1-46FA-43D4-AD4D-5E16C2B23165}.Release|Any CPU.Build.0 = Release|Any CPU
		{00BF6F8A-2448-4566-AC11-C0AC08362C4B}.Debug|Any CPU.ActiveCfg = Debug|Any CPU
		{00BF6F8A-2448-4566-AC11-C0AC08362C4B}.Debug|Any CPU.Build.0 = Debug|Any CPU
		{00BF6F8A-2448-4566-AC11-C0AC08362C4B}.Release|Any CPU.ActiveCfg = Release|Any CPU
		{00BF6F8A-2448-4566-AC11-C0AC08362C4B}.Release|Any CPU.Build.0 = Release|Any CPU
		{5F49D89F-C4CB-4036-BBEA-80974F65D4B8}.Debug|Any CPU.ActiveCfg = Debug|Any CPU
		{5F49D89F-C4CB-4036-BBEA-80974F65D4B8}.Debug|Any CPU.Build.0 = Debug|Any CPU
		{5F49D89F-C4CB-4036-BBEA-80974F65D4B8}.Release|Any CPU.ActiveCfg = Release|Any CPU
		{5F49D89F-C4CB-4036-BBEA-80974F65D4B8}.Release|Any CPU.Build.0 = Release|Any CPU
		{3E26E8B8-437B-4AE1-9B73-AF4BCBFFE8CD}.Debug|Any CPU.ActiveCfg = Debug|Any CPU
		{3E26E8B8-437B-4AE1-9B73-AF4BCBFFE8CD}.Debug|Any CPU.Build.0 = Debug|Any CPU
		{3E26E8B8-437B-4AE1-9B73-AF4BCBFFE8CD}.Release|Any CPU.ActiveCfg = Release|Any CPU
		{3E26E8B8-437B-4AE1-9B73-AF4BCBFFE8CD}.Release|Any CPU.Build.0 = Release|Any CPU
		{77B9172D-5EA0-4962-AAA1-CFEE6AE10746}.Debug|Any CPU.ActiveCfg = Debug|Any CPU
		{77B9172D-5EA0-4962-AAA1-CFEE6AE10746}.Debug|Any CPU.Build.0 = Debug|Any CPU
		{77B9172D-5EA0-4962-AAA1-CFEE6AE10746}.Release|Any CPU.ActiveCfg = Release|Any CPU
		{77B9172D-5EA0-4962-AAA1-CFEE6AE10746}.Release|Any CPU.Build.0 = Release|Any CPU
		{555600B1-31F3-4B75-B1AC-C4DBCDB19250}.Debug|Any CPU.ActiveCfg = Debug|Any CPU
		{555600B1-31F3-4B75-B1AC-C4DBCDB19250}.Debug|Any CPU.Build.0 = Debug|Any CPU
		{555600B1-31F3-4B75-B1AC-C4DBCDB19250}.Release|Any CPU.ActiveCfg = Release|Any CPU
		{555600B1-31F3-4B75-B1AC-C4DBCDB19250}.Release|Any CPU.Build.0 = Release|Any CPU
		{08790327-062B-4887-AB04-1B7D5B8F24C2}.Debug|Any CPU.ActiveCfg = Debug|Any CPU
		{08790327-062B-4887-AB04-1B7D5B8F24C2}.Debug|Any CPU.Build.0 = Debug|Any CPU
		{08790327-062B-4887-AB04-1B7D5B8F24C2}.Release|Any CPU.ActiveCfg = Release|Any CPU
		{08790327-062B-4887-AB04-1B7D5B8F24C2}.Release|Any CPU.Build.0 = Release|Any CPU
		{FDBDFF5C-3DAF-4446-A623-BFFFF22646E3}.Debug|Any CPU.ActiveCfg = Debug|Any CPU
		{FDBDFF5C-3DAF-4446-A623-BFFFF22646E3}.Debug|Any CPU.Build.0 = Debug|Any CPU
		{FDBDFF5C-3DAF-4446-A623-BFFFF22646E3}.Release|Any CPU.ActiveCfg = Release|Any CPU
		{FDBDFF5C-3DAF-4446-A623-BFFFF22646E3}.Release|Any CPU.Build.0 = Release|Any CPU
		{56098A6C-58D0-4A14-B8CC-76CCDF674B62}.Debug|Any CPU.ActiveCfg = Debug|Any CPU
		{56098A6C-58D0-4A14-B8CC-76CCDF674B62}.Debug|Any CPU.Build.0 = Debug|Any CPU
		{56098A6C-58D0-4A14-B8CC-76CCDF674B62}.Release|Any CPU.ActiveCfg = Release|Any CPU
		{56098A6C-58D0-4A14-B8CC-76CCDF674B62}.Release|Any CPU.Build.0 = Release|Any CPU
		{1E116B64-14B3-4C9A-B3A4-DCC268C66D5D}.Debug|Any CPU.ActiveCfg = Debug|Any CPU
		{1E116B64-14B3-4C9A-B3A4-DCC268C66D5D}.Debug|Any CPU.Build.0 = Debug|Any CPU
		{1E116B64-14B3-4C9A-B3A4-DCC268C66D5D}.Release|Any CPU.ActiveCfg = Release|Any CPU
		{1E116B64-14B3-4C9A-B3A4-DCC268C66D5D}.Release|Any CPU.Build.0 = Release|Any CPU
		{8FE12161-486F-4995-93BE-13E5E02B47B6}.Debug|Any CPU.ActiveCfg = Debug|Any CPU
		{8FE12161-486F-4995-93BE-13E5E02B47B6}.Debug|Any CPU.Build.0 = Debug|Any CPU
		{8FE12161-486F-4995-93BE-13E5E02B47B6}.Release|Any CPU.ActiveCfg = Release|Any CPU
		{8FE12161-486F-4995-93BE-13E5E02B47B6}.Release|Any CPU.Build.0 = Release|Any CPU
		{D2CC4DD5-5276-47C7-8459-C1DAA42B3998}.Debug|Any CPU.ActiveCfg = Debug|Any CPU
		{D2CC4DD5-5276-47C7-8459-C1DAA42B3998}.Debug|Any CPU.Build.0 = Debug|Any CPU
		{D2CC4DD5-5276-47C7-8459-C1DAA42B3998}.Release|Any CPU.ActiveCfg = Release|Any CPU
		{D2CC4DD5-5276-47C7-8459-C1DAA42B3998}.Release|Any CPU.Build.0 = Release|Any CPU
		{A484737F-A49D-4548-BDD9-A9ADBE850D39}.Debug|Any CPU.ActiveCfg = Debug|Any CPU
		{A484737F-A49D-4548-BDD9-A9ADBE850D39}.Debug|Any CPU.Build.0 = Debug|Any CPU
		{A484737F-A49D-4548-BDD9-A9ADBE850D39}.Release|Any CPU.ActiveCfg = Release|Any CPU
		{A484737F-A49D-4548-BDD9-A9ADBE850D39}.Release|Any CPU.Build.0 = Release|Any CPU
		{B5C38D02-534D-4F04-A6D4-EB6E1CFE44B7}.Debug|Any CPU.ActiveCfg = Debug|Any CPU
		{B5C38D02-534D-4F04-A6D4-EB6E1CFE44B7}.Debug|Any CPU.Build.0 = Debug|Any CPU
		{B5C38D02-534D-4F04-A6D4-EB6E1CFE44B7}.Release|Any CPU.ActiveCfg = Release|Any CPU
		{B5C38D02-534D-4F04-A6D4-EB6E1CFE44B7}.Release|Any CPU.Build.0 = Release|Any CPU
		{16262441-AACB-4C5D-83BB-F50E4545A4EF}.Debug|Any CPU.ActiveCfg = Debug|Any CPU
		{16262441-AACB-4C5D-83BB-F50E4545A4EF}.Debug|Any CPU.Build.0 = Debug|Any CPU
		{16262441-AACB-4C5D-83BB-F50E4545A4EF}.Release|Any CPU.ActiveCfg = Release|Any CPU
		{16262441-AACB-4C5D-83BB-F50E4545A4EF}.Release|Any CPU.Build.0 = Release|Any CPU
		{82FED177-0230-4D1E-B6BA-457B517B27C1}.Debug|Any CPU.ActiveCfg = Debug|Any CPU
		{82FED177-0230-4D1E-B6BA-457B517B27C1}.Debug|Any CPU.Build.0 = Debug|Any CPU
		{82FED177-0230-4D1E-B6BA-457B517B27C1}.Release|Any CPU.ActiveCfg = Release|Any CPU
		{82FED177-0230-4D1E-B6BA-457B517B27C1}.Release|Any CPU.Build.0 = Release|Any CPU
		{A0F79D8D-07BD-4F7E-A951-9547EFFE33AB}.Debug|Any CPU.ActiveCfg = Debug|Any CPU
		{A0F79D8D-07BD-4F7E-A951-9547EFFE33AB}.Debug|Any CPU.Build.0 = Debug|Any CPU
		{A0F79D8D-07BD-4F7E-A951-9547EFFE33AB}.Release|Any CPU.ActiveCfg = Release|Any CPU
		{A0F79D8D-07BD-4F7E-A951-9547EFFE33AB}.Release|Any CPU.Build.0 = Release|Any CPU
		{B4C9D210-E40C-49D3-811C-3132786859A6}.Debug|Any CPU.ActiveCfg = Debug|Any CPU
		{B4C9D210-E40C-49D3-811C-3132786859A6}.Debug|Any CPU.Build.0 = Debug|Any CPU
		{B4C9D210-E40C-49D3-811C-3132786859A6}.Release|Any CPU.ActiveCfg = Release|Any CPU
		{B4C9D210-E40C-49D3-811C-3132786859A6}.Release|Any CPU.Build.0 = Release|Any CPU
		{7B74F9A6-8534-4646-B306-43CDD5566A16}.Debug|Any CPU.ActiveCfg = Debug|Any CPU
		{7B74F9A6-8534-4646-B306-43CDD5566A16}.Debug|Any CPU.Build.0 = Debug|Any CPU
		{7B74F9A6-8534-4646-B306-43CDD5566A16}.Release|Any CPU.ActiveCfg = Release|Any CPU
		{7B74F9A6-8534-4646-B306-43CDD5566A16}.Release|Any CPU.Build.0 = Release|Any CPU
		{1A4C2CAD-173A-4154-A86F-2A16FA1124E1}.Debug|Any CPU.ActiveCfg = Debug|Any CPU
		{1A4C2CAD-173A-4154-A86F-2A16FA1124E1}.Debug|Any CPU.Build.0 = Debug|Any CPU
		{1A4C2CAD-173A-4154-A86F-2A16FA1124E1}.Release|Any CPU.ActiveCfg = Release|Any CPU
		{1A4C2CAD-173A-4154-A86F-2A16FA1124E1}.Release|Any CPU.Build.0 = Release|Any CPU
		{4F931BB2-5F21-4B6D-ABBE-A761E5936D11}.Debug|Any CPU.ActiveCfg = Debug|Any CPU
		{4F931BB2-5F21-4B6D-ABBE-A761E5936D11}.Debug|Any CPU.Build.0 = Debug|Any CPU
		{4F931BB2-5F21-4B6D-ABBE-A761E5936D11}.Release|Any CPU.ActiveCfg = Release|Any CPU
		{4F931BB2-5F21-4B6D-ABBE-A761E5936D11}.Release|Any CPU.Build.0 = Release|Any CPU
	EndGlobalSection
	GlobalSection(SolutionProperties) = preSolution
		HideSolutionNode = FALSE
	EndGlobalSection
EndGlobal
