
Microsoft Visual Studio Solution File, Format Version 12.00
# Visual Studio 2013
VisualStudioVersion = 12.0.21005.1
MinimumVisualStudioVersion = 10.0.40219.1
Project("{FAE04EC0-301F-11D3-BF4B-00C04F79EFBC}") = "01. DecimalToBinary", "DecimalToBinary\01. DecimalToBinary.csproj", "{990A0DB5-7830-4CBE-B49A-D2B3AFBF6E3C}"
EndProject
Project("{FAE04EC0-301F-11D3-BF4B-00C04F79EFBC}") = "02. BinaryToDecimal", "BinaryToDecimal\02. BinaryToDecimal.csproj", "{AD847C33-FAEB-4C86-A204-DD3A2F85D08A}"
EndProject
Project("{FAE04EC0-301F-11D3-BF4B-00C04F79EFBC}") = "03. DecimalToHexadecimal", "DecimalToHexadecimal\03. DecimalToHexadecimal.csproj", "{D33D6A73-7255-4393-A56C-64AA6DF9C4CE}"
EndProject
Project("{FAE04EC0-301F-11D3-BF4B-00C04F79EFBC}") = "04. HexadecimalToDecimal", "HexadecimalToDecimal\04. HexadecimalToDecimal.csproj", "{D66799B1-0D1E-46DD-BAB4-C3B3316D31B2}"
EndProject
Project("{FAE04EC0-301F-11D3-BF4B-00C04F79EFBC}") = "05. HexadecimalToBinary", "HexadecimalToBinary\05. HexadecimalToBinary.csproj", "{8384AEDE-9A04-4C56-9399-AECAB1567B53}"
EndProject
Global
	GlobalSection(SolutionConfigurationPlatforms) = preSolution
		Debug|Any CPU = Debug|Any CPU
		Release|Any CPU = Release|Any CPU
	EndGlobalSection
	GlobalSection(ProjectConfigurationPlatforms) = postSolution
		{990A0DB5-7830-4CBE-B49A-D2B3AFBF6E3C}.Debug|Any CPU.ActiveCfg = Debug|Any CPU
		{990A0DB5-7830-4CBE-B49A-D2B3AFBF6E3C}.Debug|Any CPU.Build.0 = Debug|Any CPU
		{990A0DB5-7830-4CBE-B49A-D2B3AFBF6E3C}.Release|Any CPU.ActiveCfg = Release|Any CPU
		{990A0DB5-7830-4CBE-B49A-D2B3AFBF6E3C}.Release|Any CPU.Build.0 = Release|Any CPU
		{AD847C33-FAEB-4C86-A204-DD3A2F85D08A}.Debug|Any CPU.ActiveCfg = Debug|Any CPU
		{AD847C33-FAEB-4C86-A204-DD3A2F85D08A}.Debug|Any CPU.Build.0 = Debug|Any CPU
		{AD847C33-FAEB-4C86-A204-DD3A2F85D08A}.Release|Any CPU.ActiveCfg = Release|Any CPU
		{AD847C33-FAEB-4C86-A204-DD3A2F85D08A}.Release|Any CPU.Build.0 = Release|Any CPU
		{D33D6A73-7255-4393-A56C-64AA6DF9C4CE}.Debug|Any CPU.ActiveCfg = Debug|Any CPU
		{D33D6A73-7255-4393-A56C-64AA6DF9C4CE}.Debug|Any CPU.Build.0 = Debug|Any CPU
		{D33D6A73-7255-4393-A56C-64AA6DF9C4CE}.Release|Any CPU.ActiveCfg = Release|Any CPU
		{D33D6A73-7255-4393-A56C-64AA6DF9C4CE}.Release|Any CPU.Build.0 = Release|Any CPU
		{D66799B1-0D1E-46DD-BAB4-C3B3316D31B2}.Debug|Any CPU.ActiveCfg = Debug|Any CPU
		{D66799B1-0D1E-46DD-BAB4-C3B3316D31B2}.Debug|Any CPU.Build.0 = Debug|Any CPU
		{D66799B1-0D1E-46DD-BAB4-C3B3316D31B2}.Release|Any CPU.ActiveCfg = Release|Any CPU
		{D66799B1-0D1E-46DD-BAB4-C3B3316D31B2}.Release|Any CPU.Build.0 = Release|Any CPU
		{8384AEDE-9A04-4C56-9399-AECAB1567B53}.Debug|Any CPU.ActiveCfg = Debug|Any CPU
		{8384AEDE-9A04-4C56-9399-AECAB1567B53}.Debug|Any CPU.Build.0 = Debug|Any CPU
		{8384AEDE-9A04-4C56-9399-AECAB1567B53}.Release|Any CPU.ActiveCfg = Release|Any CPU
		{8384AEDE-9A04-4C56-9399-AECAB1567B53}.Release|Any CPU.Build.0 = Release|Any CPU
	EndGlobalSection
	GlobalSection(SolutionProperties) = preSolution
		HideSolutionNode = FALSE
	EndGlobalSection
EndGlobal
